# This file was autogenerated by uv via the following command:
#    uv pip compile pyproject.toml -o requirements.lock.new
aiofiles==25.1.0
    # via
    #   livekit
    #   livekit-agents
aiohappyeyeballs==2.6.1
    # via aiohttp
aiohttp==3.13.3
    # via
    #   nebu-agent (pyproject.toml)
    #   livekit-agents
    #   livekit-api
aiosignal==1.4.0
    # via aiohttp
annotated-doc==0.0.4
    # via
    #   fastapi
    #   typer
annotated-types==0.7.0
    # via pydantic
anyio==4.12.1
    # via
    #   httpx
    #   openai
    #   starlette
    #   watchfiles
attrs==25.4.0
    # via aiohttp
av==16.1.0
    # via livekit-agents
certifi==2026.2.25
    # via
    #   httpcore
    #   httpx
    #   livekit-agents
    #   requests
cffi==2.0.0
    # via sounddevice
charset-normalizer==3.4.4
    # via requests
click==8.3.1
    # via
    #   livekit-agents
    #   typer
    #   uvicorn
colorama==0.4.6
    # via livekit-agents
distro==1.9.0
    # via openai
docstring-parser==0.17.0
    # via livekit-agents
eval-type-backport==0.3.1
    # via livekit-agents
fastapi==0.135.1
    # via nebu-agent (pyproject.toml)
filelock==3.25.0
    # via
    #   huggingface-hub
    #   transformers
flatbuffers==25.12.19
    # via onnxruntime
frozenlist==1.8.0
    # via
    #   aiohttp
    #   aiosignal
fsspec==2026.2.0
    # via huggingface-hub
googleapis-common-protos==1.72.0
    # via
    #   opentelemetry-exporter-otlp-proto-grpc
    #   opentelemetry-exporter-otlp-proto-http
grpcio==1.78.0
    # via opentelemetry-exporter-otlp-proto-grpc
h11==0.16.0
    # via
    #   httpcore
    #   uvicorn
hf-xet==1.3.2
    # via huggingface-hub
httpcore==1.0.9
    # via httpx
httpx==0.28.1
    # via openai
huggingface-hub==0.36.2
    # via
    #   tokenizers
    #   transformers
idna==3.11
    # via
    #   anyio
    #   httpx
    #   requests
    #   yarl
importlib-metadata==8.7.1
    # via opentelemetry-api
jinja2==3.1.6
    # via livekit-plugins-turn-detector
jiter==0.13.0
    # via openai
livekit==1.1.2
    # via
    #   livekit-agents
    #   livekit-plugins-noise-cancellation
livekit-agents==1.4.4
    # via
    #   nebu-agent (pyproject.toml)
    #   livekit-plugins-cartesia
    #   livekit-plugins-deepgram
    #   livekit-plugins-elevenlabs
    #   livekit-plugins-inworld
    #   livekit-plugins-openai
    #   livekit-plugins-silero
    #   livekit-plugins-turn-detector
livekit-api==1.1.0
    # via livekit-agents
livekit-blingfire==1.1.0
    # via livekit-agents
livekit-plugins-cartesia==1.4.4
    # via nebu-agent (pyproject.toml)
livekit-plugins-deepgram==1.4.4
    # via nebu-agent (pyproject.toml)
livekit-plugins-elevenlabs==1.4.4
    # via nebu-agent (pyproject.toml)
livekit-plugins-inworld==1.4.4
    # via nebu-agent (pyproject.toml)
livekit-plugins-noise-cancellation==0.2.5
    # via nebu-agent (pyproject.toml)
livekit-plugins-openai==1.4.4
    # via nebu-agent (pyproject.toml)
livekit-plugins-silero==1.4.4
    # via nebu-agent (pyproject.toml)
livekit-plugins-turn-detector==1.4.4
    # via nebu-agent (pyproject.toml)
livekit-protocol==1.1.2
    # via
    #   livekit-agents
    #   livekit-api
markdown-it-py==4.0.0
    # via rich
markupsafe==3.0.3
    # via jinja2
mdurl==0.1.2
    # via markdown-it-py
mpmath==1.3.0
    # via sympy
multidict==6.7.1
    # via
    #   aiohttp
    #   yarl
nest-asyncio==1.6.0
    # via livekit-agents
numpy==2.4.2
    # via
    #   livekit
    #   livekit-agents
    #   livekit-plugins-deepgram
    #   livekit-plugins-silero
    #   livekit-plugins-turn-detector
    #   onnxruntime
    #   transformers
onnxruntime==1.24.2
    # via
    #   livekit-plugins-silero
    #   livekit-plugins-turn-detector
openai==2.24.0
    # via
    #   livekit-agents
    #   livekit-plugins-openai
opentelemetry-api==1.39.1
    # via
    #   livekit-agents
    #   opentelemetry-exporter-otlp-proto-grpc
    #   opentelemetry-exporter-otlp-proto-http
    #   opentelemetry-sdk
    #   opentelemetry-semantic-conventions
opentelemetry-exporter-otlp==1.39.1
    # via livekit-agents
opentelemetry-exporter-otlp-proto-common==1.39.1
    # via
    #   opentelemetry-exporter-otlp-proto-grpc
    #   opentelemetry-exporter-otlp-proto-http
opentelemetry-exporter-otlp-proto-grpc==1.39.1
    # via opentelemetry-exporter-otlp
opentelemetry-exporter-otlp-proto-http==1.39.1
    # via opentelemetry-exporter-otlp
opentelemetry-proto==1.39.1
    # via
    #   opentelemetry-exporter-otlp-proto-common
    #   opentelemetry-exporter-otlp-proto-grpc
    #   opentelemetry-exporter-otlp-proto-http
opentelemetry-sdk==1.39.1
    # via
    #   livekit-agents
    #   opentelemetry-exporter-otlp-proto-grpc
    #   opentelemetry-exporter-otlp-proto-http
opentelemetry-semantic-conventions==0.60b1
    # via opentelemetry-sdk
packaging==26.0
    # via
    #   huggingface-hub
    #   onnxruntime
    #   transformers
pillow==12.1.1
    # via livekit-agents
prometheus-client==0.24.1
    # via
    #   nebu-agent (pyproject.toml)
    #   livekit-agents
propcache==0.4.1
    # via
    #   aiohttp
    #   yarl
protobuf==6.33.5
    # via
    #   googleapis-common-protos
    #   livekit
    #   livekit-agents
    #   livekit-api
    #   livekit-protocol
    #   onnxruntime
    #   opentelemetry-proto
psutil==7.2.2
    # via livekit-agents
pycparser==3.0
    # via cffi
pydantic==2.12.5
    # via
    #   fastapi
    #   livekit-agents
    #   openai
    #   pydantic-settings
pydantic-core==2.41.5
    # via pydantic
pydantic-settings==2.13.1
    # via nebu-agent (pyproject.toml)
pygments==2.19.2
    # via rich
pyjwt==2.11.0
    # via
    #   livekit-agents
    #   livekit-api
python-dotenv==1.2.2
    # via
    #   nebu-agent (pyproject.toml)
    #   pydantic-settings
python-json-logger==4.0.0
    # via nebu-agent (pyproject.toml)
pyyaml==6.0.3
    # via
    #   huggingface-hub
    #   transformers
regex==2026.2.28
    # via transformers
requests==2.32.5
    # via
    #   huggingface-hub
    #   opentelemetry-exporter-otlp-proto-http
    #   transformers
rich==14.3.3
    # via typer
safetensors==0.7.0
    # via transformers
shellingham==1.5.4
    # via typer
sniffio==1.3.1
    # via openai
sounddevice==0.5.5
    # via livekit-agents
starlette==0.52.1
    # via fastapi
sympy==1.14.0
    # via onnxruntime
tokenizers==0.22.2
    # via transformers
tqdm==4.67.3
    # via
    #   huggingface-hub
    #   openai
    #   transformers
transformers==4.57.1
    # via livekit-plugins-turn-detector
typer==0.24.1
    # via livekit-agents
types-protobuf==6.32.1.20260221
    # via
    #   livekit
    #   livekit-agents
    #   livekit-api
    #   livekit-protocol
typing-extensions==4.15.0
    # via
    #   aiosignal
    #   anyio
    #   fastapi
    #   grpcio
    #   huggingface-hub
    #   livekit-agents
    #   openai
    #   opentelemetry-api
    #   opentelemetry-exporter-otlp-proto-grpc
    #   opentelemetry-exporter-otlp-proto-http
    #   opentelemetry-sdk
    #   opentelemetry-semantic-conventions
    #   pydantic
    #   pydantic-core
    #   starlette
    #   typing-inspection
typing-inspection==0.4.2
    # via
    #   fastapi
    #   pydantic
    #   pydantic-settings
urllib3==2.6.3
    # via requests
uvicorn==0.41.0
    # via nebu-agent (pyproject.toml)
watchfiles==1.1.1
    # via livekit-agents
websockets==15.0.1
    # via openai
yarl==1.23.0
    # via aiohttp
zipp==3.23.0
    # via importlib-metadata
